
Microsoft Visual Studio Solution File, Format Version 12.00
# Visual Studio 15
VisualStudioVersion = 15.0.28307.168
MinimumVisualStudioVersion = 10.0.40219.1
Project("{8BC9CEB8-8B4A-11D0-8D11-00A0C91BC942}") = "max_str", "max_str\max_str.vcxproj", "{65FAC880-19AE-486D-9692-AE5794B1771B}"
EndProject
Global
	GlobalSection(SolutionConfigurationPlatforms) = preSolution
		Debug|x64 = Debug|x64
		Debug|x86 = Debug|x86
		Release|x64 = Release|x64
		Release|x86 = Release|x86
	EndGlobalSection
	GlobalSection(ProjectConfigurationPlatforms) = postSolution
		{65FAC880-19AE-486D-9692-AE5794B1771B}.Debug|x64.ActiveCfg = Debug|x64
		{65FAC880-19AE-486D-9692-AE5794B1771B}.Debug|x64.Build.0 = Debug|x64
		{65FAC880-19AE-486D-9692-AE5794B1771B}.Debug|x86.ActiveCfg = Debug|Win32
		{65FAC880-19AE-486D-9692-AE5794B1771B}.Debug|x86.Build.0 = Debug|Win32
		{65FAC880-19AE-486D-9692-AE5794B1771B}.Release|x64.ActiveCfg = Release|x64
		{65FAC880-19AE-486D-9692-AE5794B1771B}.Release|x64.Build.0 = Release|x64
		{65FAC880-19AE-486D-9692-AE5794B1771B}.Release|x86.ActiveCfg = Release|Win32
		{65FAC880-19AE-486D-9692-AE5794B1771B}.Release|x86.Build.0 = Release|Win32
	EndGlobalSection
	GlobalSection(SolutionProperties) = preSolution
		HideSolutionNode = FALSE
	EndGlobalSection
	GlobalSection(ExtensibilityGlobals) = postSolution
		SolutionGuid = {1E1A39C4-9FFE-4852-AE2C-544C987296A6}
	EndGlobalSection
EndGlobal
